// !$*UTF8*$!
{
	archiveVersion = 1;
	classes = {
	};
	objectVersion = 48;
	objects = {

/* Begin PBXBuildFile section */
		ECB3EDBD1FBB145900AFCAD4 /* AppDelegate.swift in Sources */ = {isa = PBXBuildFile; fileRef = ECB3EDBC1FBB145900AFCAD4 /* AppDelegate.swift */; };
		ECB3EDBF1FBB145A00AFCAD4 /* MainController.swift in Sources */ = {isa = PBXBuildFile; fileRef = ECB3EDBE1FBB145A00AFCAD4 /* MainController.swift */; };
		ECB3EDC41FBB145A00AFCAD4 /* Assets.xcassets in Resources */ = {isa = PBXBuildFile; fileRef = ECB3EDC31FBB145A00AFCAD4 /* Assets.xcassets */; };
		ECB3EDC71FBB145A00AFCAD4 /* LaunchScreen.storyboard in Resources */ = {isa = PBXBuildFile; fileRef = ECB3EDC51FBB145A00AFCAD4 /* LaunchScreen.storyboard */; };
		ECB3EDD31FBB1DC200AFCAD4 /* PictureCell.swift in Sources */ = {isa = PBXBuildFile; fileRef = ECB3EDD21FBB1DC200AFCAD4 /* PictureCell.swift */; };
		ECB3EDD61FBB1EE000AFCAD4 /* UIView+Constraints.swift in Sources */ = {isa = PBXBuildFile; fileRef = ECB3EDD51FBB1EE000AFCAD4 /* UIView+Constraints.swift */; };
		ECB3EDD91FBB1FA800AFCAD4 /* ImageService.swift in Sources */ = {isa = PBXBuildFile; fileRef = ECB3EDD81FBB1FA800AFCAD4 /* ImageService.swift */; };
		ECB3EDDB1FBB290500AFCAD4 /* ScrollController.swift in Sources */ = {isa = PBXBuildFile; fileRef = ECB3EDDA1FBB290500AFCAD4 /* ScrollController.swift */; };
/* End PBXBuildFile section */

/* Begin PBXFileReference section */
		ECB3EDB91FBB145900AFCAD4 /* APM.app */ = {isa = PBXFileReference; explicitFileType = wrapper.application; includeInIndex = 0; path = APM.app; sourceTree = BUILT_PRODUCTS_DIR; };
		ECB3EDBC1FBB145900AFCAD4 /* AppDelegate.swift */ = {isa = PBXFileReference; lastKnownFileType = sourcecode.swift; path = AppDelegate.swift; sourceTree = "<group>"; };
		ECB3EDBE1FBB145A00AFCAD4 /* MainController.swift */ = {isa = PBXFileReference; lastKnownFileType = sourcecode.swift; path = MainController.swift; sourceTree = "<group>"; };
		ECB3EDC31FBB145A00AFCAD4 /* Assets.xcassets */ = {isa = PBXFileReference; lastKnownFileType = folder.assetcatalog; path = Assets.xcassets; sourceTree = "<group>"; };
		ECB3EDC61FBB145A00AFCAD4 /* Base */ = {isa = PBXFileReference; lastKnownFileType = file.storyboard; name = Base; path = Base.lproj/LaunchScreen.storyboard; sourceTree = "<group>"; };
		ECB3EDC81FBB145A00AFCAD4 /* Info.plist */ = {isa = PBXFileReference; lastKnownFileType = text.plist.xml; path = Info.plist; sourceTree = "<group>"; };
		ECB3EDD21FBB1DC200AFCAD4 /* PictureCell.swift */ = {isa = PBXFileReference; lastKnownFileType = sourcecode.swift; path = PictureCell.swift; sourceTree = "<group>"; };
		ECB3EDD51FBB1EE000AFCAD4 /* UIView+Constraints.swift */ = {isa = PBXFileReference; lastKnownFileType = sourcecode.swift; path = "UIView+Constraints.swift"; sourceTree = "<group>"; };
		ECB3EDD81FBB1FA800AFCAD4 /* ImageService.swift */ = {isa = PBXFileReference; lastKnownFileType = sourcecode.swift; path = ImageService.swift; sourceTree = "<group>"; };
		ECB3EDDA1FBB290500AFCAD4 /* ScrollController.swift */ = {isa = PBXFileReference; lastKnownFileType = sourcecode.swift; path = ScrollController.swift; sourceTree = "<group>"; };
/* End PBXFileReference section */

/* Begin PBXFrameworksBuildPhase section */
		ECB3EDB61FBB145900AFCAD4 /* Frameworks */ = {
			isa = PBXFrameworksBuildPhase;
			buildActionMask = 2147483647;
			files = (
			);
			runOnlyForDeploymentPostprocessing = 0;
		};
/* End PBXFrameworksBuildPhase section */

/* Begin PBXGroup section */
		ECB3EDB01FBB145900AFCAD4 = {
			isa = PBXGroup;
			children = (
				ECB3EDBB1FBB145900AFCAD4 /* APM */,
				ECB3EDBA1FBB145900AFCAD4 /* Products */,
			);
			sourceTree = "<group>";
		};
		ECB3EDBA1FBB145900AFCAD4 /* Products */ = {
			isa = PBXGroup;
			children = (
				ECB3EDB91FBB145900AFCAD4 /* APM.app */,
			);
			name = Products;
			sourceTree = "<group>";
		};
		ECB3EDBB1FBB145900AFCAD4 /* APM */ = {
			isa = PBXGroup;
			children = (
				ECB3EDBC1FBB145900AFCAD4 /* AppDelegate.swift */,
				ECB3EDCE1FBB169000AFCAD4 /* Controllers */,
				ECB3EDD11FBB1DA500AFCAD4 /* Views */,
				ECB3EDD71FBB1F9700AFCAD4 /* Services */,
				ECB3EDD41FBB1ECC00AFCAD4 /* Toolbox */,
				ECB3EDC31FBB145A00AFCAD4 /* Assets.xcassets */,
				ECB3EDC51FBB145A00AFCAD4 /* LaunchScreen.storyboard */,
				ECB3EDC81FBB145A00AFCAD4 /* Info.plist */,
			);
			path = APM;
			sourceTree = "<group>";
		};
		ECB3EDCE1FBB169000AFCAD4 /* Controllers */ = {
			isa = PBXGroup;
			children = (
				ECB3EDBE1FBB145A00AFCAD4 /* MainController.swift */,
				ECB3EDDA1FBB290500AFCAD4 /* ScrollController.swift */,
			);
			path = Controllers;
			sourceTree = "<group>";
		};
		ECB3EDD11FBB1DA500AFCAD4 /* Views */ = {
			isa = PBXGroup;
			children = (
				ECB3EDD21FBB1DC200AFCAD4 /* PictureCell.swift */,
			);
			path = Views;
			sourceTree = "<group>";
		};
		ECB3EDD41FBB1ECC00AFCAD4 /* Toolbox */ = {
			isa = PBXGroup;
			children = (
				ECB3EDD51FBB1EE000AFCAD4 /* UIView+Constraints.swift */,
			);
			path = Toolbox;
			sourceTree = "<group>";
		};
		ECB3EDD71FBB1F9700AFCAD4 /* Services */ = {
			isa = PBXGroup;
			children = (
				ECB3EDD81FBB1FA800AFCAD4 /* ImageService.swift */,
			);
			path = Services;
			sourceTree = "<group>";
		};
/* End PBXGroup section */

/* Begin PBXNativeTarget section */
		ECB3EDB81FBB145900AFCAD4 /* APM */ = {
			isa = PBXNativeTarget;
			buildConfigurationList = ECB3EDCB1FBB145A00AFCAD4 /* Build configuration list for PBXNativeTarget "APM" */;
			buildPhases = (
				ECB3EDB51FBB145900AFCAD4 /* Sources */,
				ECB3EDB61FBB145900AFCAD4 /* Frameworks */,
				ECB3EDB71FBB145900AFCAD4 /* Resources */,
			);
			buildRules = (
			);
			dependencies = (
			);
			name = APM;
			productName = APM;
			productReference = ECB3EDB91FBB145900AFCAD4 /* APM.app */;
			productType = "com.apple.product-type.application";
		};
/* End PBXNativeTarget section */

/* Begin PBXProject section */
		ECB3EDB11FBB145900AFCAD4 /* Project object */ = {
			isa = PBXProject;
			attributes = {
				LastSwiftUpdateCheck = 0910;
				LastUpgradeCheck = 0910;
				ORGANIZATIONNAME = "Alexandre Legent";
				TargetAttributes = {
					ECB3EDB81FBB145900AFCAD4 = {
						CreatedOnToolsVersion = 9.1;
						ProvisioningStyle = Automatic;
					};
				};
			};
			buildConfigurationList = ECB3EDB41FBB145900AFCAD4 /* Build configuration list for PBXProject "APM" */;
			compatibilityVersion = "Xcode 8.0";
			developmentRegion = en;
			hasScannedForEncodings = 0;
			knownRegions = (
				en,
				Base,
			);
			mainGroup = ECB3EDB01FBB145900AFCAD4;
			productRefGroup = ECB3EDBA1FBB145900AFCAD4 /* Products */;
			projectDirPath = "";
			projectRoot = "";
			targets = (
				ECB3EDB81FBB145900AFCAD4 /* APM */,
			);
		};
/* End PBXProject section */

/* Begin PBXResourcesBuildPhase section */
		ECB3EDB71FBB145900AFCAD4 /* Resources */ = {
			isa = PBXResourcesBuildPhase;
			buildActionMask = 2147483647;
			files = (
				ECB3EDC71FBB145A00AFCAD4 /* LaunchScreen.storyboard in Resources */,
				ECB3EDC41FBB145A00AFCAD4 /* Assets.xcassets in Resources */,
			);
			runOnlyForDeploymentPostprocessing = 0;
		};
/* End PBXResourcesBuildPhase section */

/* Begin PBXSourcesBuildPhase section */
		ECB3EDB51FBB145900AFCAD4 /* Sources */ = {
			isa = PBXSourcesBuildPhase;
			buildActionMask = 2147483647;
			files = (
				ECB3EDBF1FBB145A00AFCAD4 /* MainController.swift in Sources */,
				ECB3EDBD1FBB145900AFCAD4 /* AppDelegate.swift in Sources */,
				ECB3EDDB1FBB290500AFCAD4 /* ScrollController.swift in Sources */,
				ECB3EDD31FBB1DC200AFCAD4 /* PictureCell.swift in Sources */,
				ECB3EDD91FBB1FA800AFCAD4 /* ImageService.swift in Sources */,
				ECB3EDD61FBB1EE000AFCAD4 /* UIView+Constraints.swift in Sources */,
			);
			runOnlyForDeploymentPostprocessing = 0;
		};
/* End PBXSourcesBuildPhase section */

/* Begin PBXVariantGroup section */
		ECB3EDC51FBB145A00AFCAD4 /* LaunchScreen.storyboard */ = {
			isa = PBXVariantGroup;
			children = (
				ECB3EDC61FBB145A00AFCAD4 /* Base */,
			);
			name = LaunchScreen.storyboard;
			sourceTree = "<group>";
		};
/* End PBXVariantGroup section */

/* Begin XCBuildConfiguration section */
		ECB3EDC91FBB145A00AFCAD4 /* Debug */ = {
			isa = XCBuildConfiguration;
			buildSettings = {
				ALWAYS_SEARCH_USER_PATHS = NO;
				CLANG_ANALYZER_NONNULL = YES;
				CLANG_ANALYZER_NUMBER_OBJECT_CONVERSION = YES_AGGRESSIVE;
				CLANG_CXX_LANGUAGE_STANDARD = "gnu++14";
				CLANG_CXX_LIBRARY = "libc++";
				CLANG_ENABLE_MODULES = YES;
				CLANG_ENABLE_OBJC_ARC = YES;
				CLANG_WARN_BLOCK_CAPTURE_AUTORELEASING = YES;
				CLANG_WARN_BOOL_CONVERSION = YES;
				CLANG_WARN_COMMA = YES;
				CLANG_WARN_CONSTANT_CONVERSION = YES;
				CLANG_WARN_DIRECT_OBJC_ISA_USAGE = YES_ERROR;
				CLANG_WARN_DOCUMENTATION_COMMENTS = YES;
				CLANG_WARN_EMPTY_BODY = YES;
				CLANG_WARN_ENUM_CONVERSION = YES;
				CLANG_WARN_INFINITE_RECURSION = YES;
				CLANG_WARN_INT_CONVERSION = YES;
				CLANG_WARN_NON_LITERAL_NULL_CONVERSION = YES;
				CLANG_WARN_OBJC_LITERAL_CONVERSION = YES;
				CLANG_WARN_OBJC_ROOT_CLASS = YES_ERROR;
				CLANG_WARN_RANGE_LOOP_ANALYSIS = YES;
				CLANG_WARN_STRICT_PROTOTYPES = YES;
				CLANG_WARN_SUSPICIOUS_MOVE = YES;
				CLANG_WARN_UNGUARDED_AVAILABILITY = YES_AGGRESSIVE;
				CLANG_WARN_UNREACHABLE_CODE = YES;
				CLANG_WARN__DUPLICATE_METHOD_MATCH = YES;
				CODE_SIGN_IDENTITY = "iPhone Developer";
				COPY_PHASE_STRIP = NO;
				DEBUG_INFORMATION_FORMAT = dwarf;
				ENABLE_STRICT_OBJC_MSGSEND = YES;
				ENABLE_TESTABILITY = YES;
				GCC_C_LANGUAGE_STANDARD = gnu11;
				GCC_DYNAMIC_NO_PIC = NO;
				GCC_NO_COMMON_BLOCKS = YES;
				GCC_OPTIMIZATION_LEVEL = 0;
				GCC_PREPROCESSOR_DEFINITIONS = (
					"DEBUG=1",
					"$(inherited)",
				);
				GCC_WARN_64_TO_32_BIT_CONVERSION = YES;
				GCC_WARN_ABOUT_RETURN_TYPE = YES_ERROR;
				GCC_WARN_UNDECLARED_SELECTOR = YES;
				GCC_WARN_UNINITIALIZED_AUTOS = YES_AGGRESSIVE;
				GCC_WARN_UNUSED_FUNCTION = YES;
				GCC_WARN_UNUSED_VARIABLE = YES;
				IPHONEOS_DEPLOYMENT_TARGET = 11.1;
				MTL_ENABLE_DEBUG_INFO = YES;
				ONLY_ACTIVE_ARCH = YES;
				SDKROOT = iphoneos;
				SWIFT_ACTIVE_COMPILATION_CONDITIONS = DEBUG;
				SWIFT_OPTIMIZATION_LEVEL = "-Onone";
			};
			name = Debug;
		};
		ECB3EDCA1FBB145A00AFCAD4 /* Release */ = {
			isa = XCBuildConfiguration;
			buildSettings = {
				ALWAYS_SEARCH_USER_PATHS = NO;
				CLANG_ANALYZER_NONNULL = YES;
				CLANG_ANALYZER_NUMBER_OBJECT_CONVERSION = YES_AGGRESSIVE;
				CLANG_CXX_LANGUAGE_STANDARD = "gnu++14";
				CLANG_CXX_LIBRARY = "libc++";
				CLANG_ENABLE_MODULES = YES;
				CLANG_ENABLE_OBJC_ARC = YES;
				CLANG_WARN_BLOCK_CAPTURE_AUTORELEASING = YES;
				CLANG_WARN_BOOL_CONVERSION = YES;
				CLANG_WARN_COMMA = YES;
				CLANG_WARN_CONSTANT_CONVERSION = YES;
				CLANG_WARN_DIRECT_OBJC_ISA_USAGE = YES_ERROR;
				CLANG_WARN_DOCUMENTATION_COMMENTS = YES;
				CLANG_WARN_EMPTY_BODY = YES;
				CLANG_WARN_ENUM_CONVERSION = YES;
				CLANG_WARN_INFINITE_RECURSION = YES;
				CLANG_WARN_INT_CONVERSION = YES;
				CLANG_WARN_NON_LITERAL_NULL_CONVERSION = YES;
				CLANG_WARN_OBJC_LITERAL_CONVERSION = YES;
				CLANG_WARN_OBJC_ROOT_CLASS = YES_ERROR;
				CLANG_WARN_RANGE_LOOP_ANALYSIS = YES;
				CLANG_WARN_STRICT_PROTOTYPES = YES;
				CLANG_WARN_SUSPICIOUS_MOVE = YES;
				CLANG_WARN_UNGUARDED_AVAILABILITY = YES_AGGRESSIVE;
				CLANG_WARN_UNREACHABLE_CODE = YES;
				CLANG_WARN__DUPLICATE_METHOD_MATCH = YES;
				CODE_SIGN_IDENTITY = "iPhone Developer";
				COPY_PHASE_STRIP = NO;
				DEBUG_INFORMATION_FORMAT = "dwarf-with-dsym";
				ENABLE_NS_ASSERTIONS = NO;
				ENABLE_STRICT_OBJC_MSGSEND = YES;
				GCC_C_LANGUAGE_STANDARD = gnu11;
				GCC_NO_COMMON_BLOCKS = YES;
				GCC_WARN_64_TO_32_BIT_CONVERSION = YES;
				GCC_WARN_ABOUT_RETURN_TYPE = YES_ERROR;
				GCC_WARN_UNDECLARED_SELECTOR = YES;
				GCC_WARN_UNINITIALIZED_AUTOS = YES_AGGRESSIVE;
				GCC_WARN_UNUSED_FUNCTION = YES;
				GCC_WARN_UNUSED_VARIABLE = YES;
				IPHONEOS_DEPLOYMENT_TARGET = 11.1;
				MTL_ENABLE_DEBUG_INFO = NO;
				SDKROOT = iphoneos;
				SWIFT_OPTIMIZATION_LEVEL = "-Owholemodule";
				VALIDATE_PRODUCT = YES;
			};
			name = Release;
		};
		ECB3EDCC1FBB145A00AFCAD4 /* Debug */ = {
			isa = XCBuildConfiguration;
			buildSettings = {
				ASSETCATALOG_COMPILER_APPICON_NAME = AppIcon;
				CODE_SIGN_STYLE = Automatic;
				DEVELOPMENT_TEAM = SYLSF63326;
				INFOPLIST_FILE = APM/Info.plist;
				LD_RUNPATH_SEARCH_PATHS = "$(inherited) @executable_path/Frameworks";
				PRODUCT_BUNDLE_IDENTIFIER = com.alegent.APM;
				PRODUCT_NAME = "$(TARGET_NAME)";
				SWIFT_VERSION = 4.0;
				TARGETED_DEVICE_FAMILY = "1,2";
			};
			name = Debug;
		};
		ECB3EDCD1FBB145A00AFCAD4 /* Release */ = {
			isa = XCBuildConfiguration;
			buildSettings = {
				ASSETCATALOG_COMPILER_APPICON_NAME = AppIcon;
				CODE_SIGN_STYLE = Automatic;
				DEVELOPMENT_TEAM = SYLSF63326;
				INFOPLIST_FILE = APM/Info.plist;
				LD_RUNPATH_SEARCH_PATHS = "$(inherited) @executable_path/Frameworks";
				PRODUCT_BUNDLE_IDENTIFIER = com.alegent.APM;
				PRODUCT_NAME = "$(TARGET_NAME)";
				SWIFT_VERSION = 4.0;
				TARGETED_DEVICE_FAMILY = "1,2";
			};
			name = Release;
		};
/* End XCBuildConfiguration section */

/* Begin XCConfigurationList section */
		ECB3EDB41FBB145900AFCAD4 /* Build configuration list for PBXProject "APM" */ = {
			isa = XCConfigurationList;
			buildConfigurations = (
				ECB3EDC91FBB145A00AFCAD4 /* Debug */,
				ECB3EDCA1FBB145A00AFCAD4 /* Release */,
			);
			defaultConfigurationIsVisible = 0;
			defaultConfigurationName = Release;
		};
		ECB3EDCB1FBB145A00AFCAD4 /* Build configuration list for PBXNativeTarget "APM" */ = {
			isa = XCConfigurationList;
			buildConfigurations = (
				ECB3EDCC1FBB145A00AFCAD4 /* Debug */,
				ECB3EDCD1FBB145A00AFCAD4 /* Release */,
			);
			defaultConfigurationIsVisible = 0;
			defaultConfigurationName = Release;
		};
/* End XCConfigurationList section */
	};
	rootObject = ECB3EDB11FBB145900AFCAD4 /* Project object */;
}
